
Microsoft Visual Studio Solution File, Format Version 12.00
# Visual Studio Version 17
VisualStudioVersion = 17.2.32630.192
MinimumVisualStudioVersion = 10.0.40219.1
Project("{2150E333-8FDC-42A3-9474-1A3956D46DE8}") = "src", "src", "{9C291929-86F2-43D6-844B-964F2BEC22FD}"
EndProject
Project("{9A19103F-16F7-4668-BE54-9A1E7A4F7556}") = "IdentityServer", "src\IdentityServer\IdentityServer.csproj", "{510FF6C2-1F81-4A46-BF71-44F279CA7B9D}"
EndProject
Project("{9A19103F-16F7-4668-BE54-9A1E7A4F7556}") = "PasswordManager.API", "src\PasswordManager.API\PasswordManager.API.csproj", "{FA617970-B567-49F8-9B8A-F038840A9A37}"
EndProject
Project("{9A19103F-16F7-4668-BE54-9A1E7A4F7556}") = "PasswordManager.UI", "src\PasswordManager.UI\PasswordManager.UI.csproj", "{4791999E-EAC0-4C3F-9D6B-55296D360C9D}"
EndProject
Project("{2150E333-8FDC-42A3-9474-1A3956D46DE8}") = "Common", "Common", "{2A120F15-1039-47B6-BD37-637186BBDD16}"
EndProject
Project("{FAE04EC0-301F-11D3-BF4B-00C04F79EFBC}") = "PasswordManager.Contracts", "src\Common\PasswordManager.Contracts\PasswordManager.Contracts.csproj", "{28FAA846-B246-4DEB-B402-DEE4582557E1}"
EndProject
Global
	GlobalSection(SolutionConfigurationPlatforms) = preSolution
		Debug|Any CPU = Debug|Any CPU
		Release|Any CPU = Release|Any CPU
	EndGlobalSection
	GlobalSection(ProjectConfigurationPlatforms) = postSolution
		{510FF6C2-1F81-4A46-BF71-44F279CA7B9D}.Debug|Any CPU.ActiveCfg = Debug|Any CPU
		{510FF6C2-1F81-4A46-BF71-44F279CA7B9D}.Debug|Any CPU.Build.0 = Debug|Any CPU
		{510FF6C2-1F81-4A46-BF71-44F279CA7B9D}.Release|Any CPU.ActiveCfg = Release|Any CPU
		{510FF6C2-1F81-4A46-BF71-44F279CA7B9D}.Release|Any CPU.Build.0 = Release|Any CPU
		{FA617970-B567-49F8-9B8A-F038840A9A37}.Debug|Any CPU.ActiveCfg = Debug|Any CPU
		{FA617970-B567-49F8-9B8A-F038840A9A37}.Debug|Any CPU.Build.0 = Debug|Any CPU
		{FA617970-B567-49F8-9B8A-F038840A9A37}.Release|Any CPU.ActiveCfg = Release|Any CPU
		{FA617970-B567-49F8-9B8A-F038840A9A37}.Release|Any CPU.Build.0 = Release|Any CPU
		{4791999E-EAC0-4C3F-9D6B-55296D360C9D}.Debug|Any CPU.ActiveCfg = Debug|Any CPU
		{4791999E-EAC0-4C3F-9D6B-55296D360C9D}.Debug|Any CPU.Build.0 = Debug|Any CPU
		{4791999E-EAC0-4C3F-9D6B-55296D360C9D}.Release|Any CPU.ActiveCfg = Release|Any CPU
		{4791999E-EAC0-4C3F-9D6B-55296D360C9D}.Release|Any CPU.Build.0 = Release|Any CPU
		{28FAA846-B246-4DEB-B402-DEE4582557E1}.Debug|Any CPU.ActiveCfg = Debug|Any CPU
		{28FAA846-B246-4DEB-B402-DEE4582557E1}.Debug|Any CPU.Build.0 = Debug|Any CPU
		{28FAA846-B246-4DEB-B402-DEE4582557E1}.Release|Any CPU.ActiveCfg = Release|Any CPU
		{28FAA846-B246-4DEB-B402-DEE4582557E1}.Release|Any CPU.Build.0 = Release|Any CPU
	EndGlobalSection
	GlobalSection(SolutionProperties) = preSolution
		HideSolutionNode = FALSE
	EndGlobalSection
	GlobalSection(NestedProjects) = preSolution
		{510FF6C2-1F81-4A46-BF71-44F279CA7B9D} = {9C291929-86F2-43D6-844B-964F2BEC22FD}
		{FA617970-B567-49F8-9B8A-F038840A9A37} = {9C291929-86F2-43D6-844B-964F2BEC22FD}
		{4791999E-EAC0-4C3F-9D6B-55296D360C9D} = {9C291929-86F2-43D6-844B-964F2BEC22FD}
		{2A120F15-1039-47B6-BD37-637186BBDD16} = {9C291929-86F2-43D6-844B-964F2BEC22FD}
		{28FAA846-B246-4DEB-B402-DEE4582557E1} = {2A120F15-1039-47B6-BD37-637186BBDD16}
	EndGlobalSection
	GlobalSection(ExtensibilityGlobals) = postSolution
		SolutionGuid = {8E459589-813B-45AC-A88F-1BB1A881D78E}
	EndGlobalSection
EndGlobal
